dependencies:
- name: crossplane
  repository: https://charts.crossplane.io/stable
  version: 1.10.0
- name: argo-events
  repository: https://argoproj.github.io/argo-helm
  version: 2.0.6
- name: argo-workflows
  repository: https://argoproj.github.io/argo-helm
  version: 0.20.8
- name: argo-cd
  repository: https://argoproj.github.io/argo-helm
  version: 5.13.8
- name: gitea
  repository: https://dl.gitea.io/charts/
  version: 6.0.3
- name: harbor
  repository: https://helm.goharbor.io
  version: 1.10.2
digest: sha256:59625c06cad88baa73e8bb7629c4c83c7d7b1144c2c3cc51e750bae7152e28b6
generated: "2022-11-15T09:53:34.708657936-05:00"
